
Microsoft Visual Studio Solution File, Format Version 12.00
Project("{2150E333-8FDC-42A3-9474-1A3956D46DE8}") = "src", "src", "{5DDFBEC0-59E1-494D-BFCF-2234CE99D380}"
	ProjectSection(SolutionItems) = preProject
		src\docker-compose-dev.yml = src\docker-compose-dev.yml
	EndProjectSection
EndProject
Project("{2150E333-8FDC-42A3-9474-1A3956D46DE8}") = "test", "test", "{4717F6A8-41B5-4032-8B82-F129213B3838}"
EndProject
Project("{2150E333-8FDC-42A3-9474-1A3956D46DE8}") = "Modules", "Modules", "{912DB9D7-0A05-406E-887D-B485F7DB9FA3}"
EndProject
Project("{2150E333-8FDC-42A3-9474-1A3956D46DE8}") = "RentalAd", "RentalAd", "{CCC4D7A5-6C9A-4A97-A460-6D6210273E94}"
EndProject
Project("{FAE04EC0-301F-11D3-BF4B-00C04F79EFBC}") = "EasyRent.RentalAd.Domain", "src\Modules\RentalAd\EasyRent.RentalAd.Domain\EasyRent.RentalAd.Domain.csproj", "{7E0BFE1D-67C7-4DE8-A382-BCFD1EC85835}"
EndProject
Project("{2150E333-8FDC-42A3-9474-1A3956D46DE8}") = "Libraries", "Libraries", "{A06BD224-BD25-41AD-8F40-BE003269B780}"
EndProject
Project("{FAE04EC0-301F-11D3-BF4B-00C04F79EFBC}") = "EasyRent.EventSourcing", "src\Libraries\EasyRent.EventSourcing\EasyRent.EventSourcing.csproj", "{48082BE9-69D7-4B97-8D63-536C28A61B47}"
EndProject
Project("{FAE04EC0-301F-11D3-BF4B-00C04F79EFBC}") = "EasyRent.Shared", "src\Libraries\EasyRent.Shared\EasyRent.Shared.csproj", "{17967CAB-8E69-46FE-9BFC-E190C3D96D85}"
EndProject
Project("{FAE04EC0-301F-11D3-BF4B-00C04F79EFBC}") = "EasyRent.RentalAd.Core", "src\Modules\RentalAd\EasyRent.RentalAd.Core\EasyRent.RentalAd.Core.csproj", "{66DE5A52-26C5-4B65-BAEC-D233A137ADB7}"
EndProject
Project("{FAE04EC0-301F-11D3-BF4B-00C04F79EFBC}") = "EasyRent.CQRS", "src\Libraries\EasyRent.CQRS\EasyRent.CQRS.csproj", "{C3C76DCC-4616-4438-9876-1E7CAB9AB67D}"
EndProject
Project("{FAE04EC0-301F-11D3-BF4B-00C04F79EFBC}") = "EasyRent.RentalAd.Domain.Tests.Unit", "test\EasyRent.RentalAd.Domain.Tests.Unit\EasyRent.RentalAd.Domain.Tests.Unit.csproj", "{B4315EC3-8621-4885-89DD-2C84AE7FB78B}"
EndProject
Project("{FAE04EC0-301F-11D3-BF4B-00C04F79EFBC}") = "EasyRent.RentalAd.Infrastructure", "src\Modules\RentalAd\EasyRent.RentalAd.Infrastructure\EasyRent.RentalAd.Infrastructure.csproj", "{4E2466FB-658B-426E-B5F2-9FBBD7049B36}"
EndProject
Project("{FAE04EC0-301F-11D3-BF4B-00C04F79EFBC}") = "EasyRent.Infrastructure", "src\Libraries\EasyRent.Infrastructure\EasyRent.Infrastructure.csproj", "{FECDE066-8D86-4B21-8106-0A0B37A03F36}"
EndProject
Project("{FAE04EC0-301F-11D3-BF4B-00C04F79EFBC}") = "EasyRent.DependencyInjection", "src\Libraries\EasyRent.DependencyInjection\EasyRent.DependencyInjection.csproj", "{CDE097E9-F189-463C-AF42-15513C7C8F94}"
EndProject
Project("{2150E333-8FDC-42A3-9474-1A3956D46DE8}") = "Reservation", "Reservation", "{F859B597-B7EC-4CDE-A969-7D3E14F191F2}"
EndProject
Project("{FAE04EC0-301F-11D3-BF4B-00C04F79EFBC}") = "EasyRent.Reservation.Domain", "src\Modules\Reservation\EasyRent.Reservation.Domain\EasyRent.Reservation.Domain.csproj", "{53C3B208-B77D-4D0B-AE03-5B3F3673F836}"
EndProject
Project("{FAE04EC0-301F-11D3-BF4B-00C04F79EFBC}") = "EasyRent.Reservation.Integrations", "src\Modules\Reservation\EasyRent.Reservation.Integrations\EasyRent.Reservation.Integrations.csproj", "{00AAA29B-AB8D-4772-8545-F9D3FE6169C2}"
EndProject
Project("{FAE04EC0-301F-11D3-BF4B-00C04F79EFBC}") = "EasyRent.RentalAd.ReadModels", "src\Modules\RentalAd\EasyRent.RentalAd.ReadModels\EasyRent.RentalAd.ReadModels.csproj", "{1AA36972-49F0-4D31-B016-F61E2534DD52}"
EndProject
Project("{2150E333-8FDC-42A3-9474-1A3956D46DE8}") = "Entry", "Entry", "{A121219E-C686-4892-9C7D-2C069ACCF18A}"
EndProject
Project("{FAE04EC0-301F-11D3-BF4B-00C04F79EFBC}") = "EasyRent.EventSourcing.EventStore", "src\Libraries\EasyRent.EventSourcing.EventStore\EasyRent.EventSourcing.EventStore.csproj", "{58215370-15C6-42FF-A625-4913A6D6BB63}"
EndProject
Project("{FAE04EC0-301F-11D3-BF4B-00C04F79EFBC}") = "EasyRent.Infrastructure.Abstractions", "src\Libraries\EasyRent.Infrastructure.Abstractions\EasyRent.Infrastructure.Abstractions.csproj", "{48DF58D7-0754-4676-B2C4-E5689D0F322E}"
EndProject
Project("{2150E333-8FDC-42A3-9474-1A3956D46DE8}") = "Management", "Management", "{DD986774-1910-4137-93CF-054D5B6B29E9}"
EndProject
Project("{2150E333-8FDC-42A3-9474-1A3956D46DE8}") = "Identity", "Identity", "{21FF0200-22B4-44ED-9EF9-CFF34BD4D7CD}"
EndProject
Project("{FAE04EC0-301F-11D3-BF4B-00C04F79EFBC}") = "EasyRent.Identity.Domain", "src\Modules\Identity\EasyRent.Identity.Domain\EasyRent.Identity.Domain.csproj", "{F3ED0AD9-E9CC-4C23-9772-F82819008DFE}"
EndProject
Project("{FAE04EC0-301F-11D3-BF4B-00C04F79EFBC}") = "EasyRent.Management.Domain", "src\Modules\Management\EasyRent.Management.Domain\EasyRent.Management.Domain.csproj", "{903F6C5A-0D44-4637-B11E-45292FFB0AA7}"
EndProject
Project("{FAE04EC0-301F-11D3-BF4B-00C04F79EFBC}") = "EasyRent.RentalAd", "src\Modules\RentalAd\EasyRent.RentalAd\EasyRent.RentalAd.csproj", "{D9D58A2E-9A0B-4C7D-B2C9-9FD0233F4E6D}"
EndProject
Project("{FAE04EC0-301F-11D3-BF4B-00C04F79EFBC}") = "EasyRent.NetCore", "src\Libraries\EasyRent.NetCore\EasyRent.NetCore.csproj", "{E3191F42-CAA9-403E-9D7F-56D672AD43F0}"
EndProject
Project("{FAE04EC0-301F-11D3-BF4B-00C04F79EFBC}") = "EasyRent.Configuration", "src\Libraries\EasyRent.Configuration\EasyRent.Configuration.csproj", "{C004B830-50A4-417B-9A0D-F4B789038804}"
EndProject
Project("{FAE04EC0-301F-11D3-BF4B-00C04F79EFBC}") = "EasyRent.API", "src\Entry\EasyRent.API\EasyRent.API.csproj", "{41DB97D4-5642-493B-BE81-65EC8517FD78}"
EndProject
Project("{FAE04EC0-301F-11D3-BF4B-00C04F79EFBC}") = "EasyRent.Modules", "src\Libraries\EasyRent.Modules\EasyRent.Modules.csproj", "{5394FA09-2A5A-4CB7-80A3-24255CD2A331}"
EndProject
Project("{FAE04EC0-301F-11D3-BF4B-00C04F79EFBC}") = "EasyRent.Libraries.Provider", "src\Libraries\EasyRent.Libraries.Provider\EasyRent.Libraries.Provider.csproj", "{DDBEBA0D-A0AD-467A-B5AB-CC324AC1F6F2}"
EndProject
Project("{FAE04EC0-301F-11D3-BF4B-00C04F79EFBC}") = "EasyRent.Reservation.Infrastructure", "src\Modules\Reservation\EasyRent.Reservation.Infrastructure\EasyRent.Reservation.Infrastructure.csproj", "{6BF78B91-F397-48E9-8CA1-897E5ACE4657}"
EndProject
Project("{FAE04EC0-301F-11D3-BF4B-00C04F79EFBC}") = "EasyRent.Reservation.Core", "src\Modules\Reservation\EasyRent.Reservation.Core\EasyRent.Reservation.Core.csproj", "{B572DB12-09EA-4AAC-9541-62BB483ECE0A}"
EndProject
Project("{FAE04EC0-301F-11D3-BF4B-00C04F79EFBC}") = "EasyRent.Reservation.ReadModels", "src\Modules\Reservation\EasyRent.Reservation.ReadModels\EasyRent.Reservation.ReadModels.csproj", "{A42F301E-BDB8-4BBF-B841-3B0F1EC59D2B}"
EndProject
Project("{FAE04EC0-301F-11D3-BF4B-00C04F79EFBC}") = "EasyRent.Identity.Infrastructure", "src\Modules\Identity\EasyRent.Identity.Infrastructure\EasyRent.Identity.Infrastructure.csproj", "{19DADECF-271D-491C-8723-0EE04917310A}"
EndProject
Project("{FAE04EC0-301F-11D3-BF4B-00C04F79EFBC}") = "EasyRent.Identity.Core", "src\Modules\Identity\EasyRent.Identity.Core\EasyRent.Identity.Core.csproj", "{FF3EC860-01C0-4BB0-9B3D-442999238872}"
EndProject
Project("{FAE04EC0-301F-11D3-BF4B-00C04F79EFBC}") = "EasyRent.Identity.ReadModels", "src\Modules\Identity\EasyRent.Identity.ReadModels\EasyRent.Identity.ReadModels.csproj", "{BF5E46D3-9BAE-4159-BEC0-3A7BA80BE938}"
EndProject
Project("{FAE04EC0-301F-11D3-BF4B-00C04F79EFBC}") = "EasyRent.Management.Core", "src\Modules\Management\EasyRent.Management.Core\EasyRent.Management.Core.csproj", "{1E6E0A7F-758B-49CA-ABF9-D642817773F3}"
EndProject
Project("{FAE04EC0-301F-11D3-BF4B-00C04F79EFBC}") = "EasyRent.Management.Infrastructure", "src\Modules\Management\EasyRent.Management.Infrastructure\EasyRent.Management.Infrastructure.csproj", "{ED9503ED-A3EE-487C-BD7F-96F98D825E30}"
EndProject
Project("{FAE04EC0-301F-11D3-BF4B-00C04F79EFBC}") = "EasyRent.Management.ReadModels", "src\Modules\Management\EasyRent.Management.ReadModels\EasyRent.Management.ReadModels.csproj", "{265E7503-6404-455B-B733-460A155B0563}"
EndProject
Project("{FAE04EC0-301F-11D3-BF4B-00C04F79EFBC}") = "EasyRent.Identity.Shared", "src\Modules\Identity\EasyRent.Identity.Shared\EasyRent.Identity.Shared.csproj", "{020CA990-2881-4F80-81A6-D5D5AD88B866}"
EndProject
Project("{FAE04EC0-301F-11D3-BF4B-00C04F79EFBC}") = "EasyRent.Management.Shared", "src\Modules\Management\EasyRent.Management.Shared\EasyRent.Management.Shared.csproj", "{3FCB3BED-971B-45A7-8435-5725BAD7D624}"
EndProject
Project("{FAE04EC0-301F-11D3-BF4B-00C04F79EFBC}") = "EasyRent.Reservation", "src\Modules\Reservation\EasyRent.Reservation\EasyRent.Reservation.csproj", "{F2B8C5DF-7042-4E28-B37B-A77D17C2928C}"
EndProject
Project("{FAE04EC0-301F-11D3-BF4B-00C04F79EFBC}") = "EasyRent.Management", "src\Modules\Management\EasyRent.Management\EasyRent.Management.csproj", "{449D08E4-2F1E-463B-84E5-EC654A9C3319}"
EndProject
Project("{FAE04EC0-301F-11D3-BF4B-00C04F79EFBC}") = "EasyRent.Identity", "src\Modules\Identity\EasyRent.Identity\EasyRent.Identity.csproj", "{F9D1F8DC-75B6-4933-9F54-5B2B6817DC8A}"
EndProject
Project("{FAE04EC0-301F-11D3-BF4B-00C04F79EFBC}") = "EasyRent.MessageBroker", "src\Libraries\EasyRent.MessageBroker\EasyRent.MessageBroker.csproj", "{F8E04AC7-E4C9-48C3-A4E0-E51614555AF9}"
EndProject
Project("{FAE04EC0-301F-11D3-BF4B-00C04F79EFBC}") = "EasyRent.MessageBroker.RabbitMq", "src\Libraries\EasyRent.MessageBroker.RabbitMq\EasyRent.MessageBroker.RabbitMq.csproj", "{58A9720A-7A0B-4E9B-8C2B-BDCA03C48C2F}"
EndProject
Project("{FAE04EC0-301F-11D3-BF4B-00C04F79EFBC}") = "EasyRent.Identity.Integrations", "src\Modules\Identity\EasyRent.Identity.Integrations\EasyRent.Identity.Integrations.csproj", "{C9F5FB9D-183C-48C5-86E4-06ADFC9FDE19}"
EndProject
Project("{FAE04EC0-301F-11D3-BF4B-00C04F79EFBC}") = "EasyRent.Management.Integrations", "src\Modules\Management\EasyRent.Management.Integrations\EasyRent.Management.Integrations.csproj", "{9279A0AC-9486-480C-89B2-893DD36BF676}"
EndProject
Project("{FAE04EC0-301F-11D3-BF4B-00C04F79EFBC}") = "EasyRent.RentalAd.Shared", "src\Modules\RentalAd\EasyRent.RentalAd.Shared\EasyRent.RentalAd.Shared.csproj", "{54616A5B-CCD4-4A7F-B166-A26750FEC6D8}"
EndProject
Global
	GlobalSection(SolutionConfigurationPlatforms) = preSolution
		Debug|Any CPU = Debug|Any CPU
		Release|Any CPU = Release|Any CPU
	EndGlobalSection
	GlobalSection(NestedProjects) = preSolution
		{912DB9D7-0A05-406E-887D-B485F7DB9FA3} = {5DDFBEC0-59E1-494D-BFCF-2234CE99D380}
		{CCC4D7A5-6C9A-4A97-A460-6D6210273E94} = {912DB9D7-0A05-406E-887D-B485F7DB9FA3}
		{7E0BFE1D-67C7-4DE8-A382-BCFD1EC85835} = {CCC4D7A5-6C9A-4A97-A460-6D6210273E94}
		{A06BD224-BD25-41AD-8F40-BE003269B780} = {5DDFBEC0-59E1-494D-BFCF-2234CE99D380}
		{48082BE9-69D7-4B97-8D63-536C28A61B47} = {A06BD224-BD25-41AD-8F40-BE003269B780}
		{17967CAB-8E69-46FE-9BFC-E190C3D96D85} = {A06BD224-BD25-41AD-8F40-BE003269B780}
		{66DE5A52-26C5-4B65-BAEC-D233A137ADB7} = {CCC4D7A5-6C9A-4A97-A460-6D6210273E94}
		{C3C76DCC-4616-4438-9876-1E7CAB9AB67D} = {A06BD224-BD25-41AD-8F40-BE003269B780}
		{B4315EC3-8621-4885-89DD-2C84AE7FB78B} = {4717F6A8-41B5-4032-8B82-F129213B3838}
		{4E2466FB-658B-426E-B5F2-9FBBD7049B36} = {CCC4D7A5-6C9A-4A97-A460-6D6210273E94}
		{FECDE066-8D86-4B21-8106-0A0B37A03F36} = {A06BD224-BD25-41AD-8F40-BE003269B780}
		{CDE097E9-F189-463C-AF42-15513C7C8F94} = {A06BD224-BD25-41AD-8F40-BE003269B780}
		{F859B597-B7EC-4CDE-A969-7D3E14F191F2} = {912DB9D7-0A05-406E-887D-B485F7DB9FA3}
		{53C3B208-B77D-4D0B-AE03-5B3F3673F836} = {F859B597-B7EC-4CDE-A969-7D3E14F191F2}
		{00AAA29B-AB8D-4772-8545-F9D3FE6169C2} = {F859B597-B7EC-4CDE-A969-7D3E14F191F2}
		{1AA36972-49F0-4D31-B016-F61E2534DD52} = {CCC4D7A5-6C9A-4A97-A460-6D6210273E94}
		{A121219E-C686-4892-9C7D-2C069ACCF18A} = {5DDFBEC0-59E1-494D-BFCF-2234CE99D380}
		{58215370-15C6-42FF-A625-4913A6D6BB63} = {A06BD224-BD25-41AD-8F40-BE003269B780}
		{48DF58D7-0754-4676-B2C4-E5689D0F322E} = {A06BD224-BD25-41AD-8F40-BE003269B780}
		{DD986774-1910-4137-93CF-054D5B6B29E9} = {912DB9D7-0A05-406E-887D-B485F7DB9FA3}
		{21FF0200-22B4-44ED-9EF9-CFF34BD4D7CD} = {912DB9D7-0A05-406E-887D-B485F7DB9FA3}
		{F3ED0AD9-E9CC-4C23-9772-F82819008DFE} = {21FF0200-22B4-44ED-9EF9-CFF34BD4D7CD}
		{903F6C5A-0D44-4637-B11E-45292FFB0AA7} = {DD986774-1910-4137-93CF-054D5B6B29E9}
		{D9D58A2E-9A0B-4C7D-B2C9-9FD0233F4E6D} = {CCC4D7A5-6C9A-4A97-A460-6D6210273E94}
		{E3191F42-CAA9-403E-9D7F-56D672AD43F0} = {A06BD224-BD25-41AD-8F40-BE003269B780}
		{C004B830-50A4-417B-9A0D-F4B789038804} = {A06BD224-BD25-41AD-8F40-BE003269B780}
		{41DB97D4-5642-493B-BE81-65EC8517FD78} = {A121219E-C686-4892-9C7D-2C069ACCF18A}
		{5394FA09-2A5A-4CB7-80A3-24255CD2A331} = {A06BD224-BD25-41AD-8F40-BE003269B780}
		{DDBEBA0D-A0AD-467A-B5AB-CC324AC1F6F2} = {A06BD224-BD25-41AD-8F40-BE003269B780}
		{6BF78B91-F397-48E9-8CA1-897E5ACE4657} = {F859B597-B7EC-4CDE-A969-7D3E14F191F2}
		{B572DB12-09EA-4AAC-9541-62BB483ECE0A} = {F859B597-B7EC-4CDE-A969-7D3E14F191F2}
		{A42F301E-BDB8-4BBF-B841-3B0F1EC59D2B} = {F859B597-B7EC-4CDE-A969-7D3E14F191F2}
		{19DADECF-271D-491C-8723-0EE04917310A} = {21FF0200-22B4-44ED-9EF9-CFF34BD4D7CD}
		{FF3EC860-01C0-4BB0-9B3D-442999238872} = {21FF0200-22B4-44ED-9EF9-CFF34BD4D7CD}
		{BF5E46D3-9BAE-4159-BEC0-3A7BA80BE938} = {21FF0200-22B4-44ED-9EF9-CFF34BD4D7CD}
		{1E6E0A7F-758B-49CA-ABF9-D642817773F3} = {DD986774-1910-4137-93CF-054D5B6B29E9}
		{ED9503ED-A3EE-487C-BD7F-96F98D825E30} = {DD986774-1910-4137-93CF-054D5B6B29E9}
		{265E7503-6404-455B-B733-460A155B0563} = {DD986774-1910-4137-93CF-054D5B6B29E9}
		{020CA990-2881-4F80-81A6-D5D5AD88B866} = {21FF0200-22B4-44ED-9EF9-CFF34BD4D7CD}
		{3FCB3BED-971B-45A7-8435-5725BAD7D624} = {DD986774-1910-4137-93CF-054D5B6B29E9}
		{F2B8C5DF-7042-4E28-B37B-A77D17C2928C} = {F859B597-B7EC-4CDE-A969-7D3E14F191F2}
		{449D08E4-2F1E-463B-84E5-EC654A9C3319} = {DD986774-1910-4137-93CF-054D5B6B29E9}
		{F9D1F8DC-75B6-4933-9F54-5B2B6817DC8A} = {21FF0200-22B4-44ED-9EF9-CFF34BD4D7CD}
		{F8E04AC7-E4C9-48C3-A4E0-E51614555AF9} = {A06BD224-BD25-41AD-8F40-BE003269B780}
		{58A9720A-7A0B-4E9B-8C2B-BDCA03C48C2F} = {A06BD224-BD25-41AD-8F40-BE003269B780}
		{C9F5FB9D-183C-48C5-86E4-06ADFC9FDE19} = {21FF0200-22B4-44ED-9EF9-CFF34BD4D7CD}
		{9279A0AC-9486-480C-89B2-893DD36BF676} = {DD986774-1910-4137-93CF-054D5B6B29E9}
		{54616A5B-CCD4-4A7F-B166-A26750FEC6D8} = {CCC4D7A5-6C9A-4A97-A460-6D6210273E94}
	EndGlobalSection
	GlobalSection(ProjectConfigurationPlatforms) = postSolution
		{7E0BFE1D-67C7-4DE8-A382-BCFD1EC85835}.Debug|Any CPU.ActiveCfg = Debug|Any CPU
		{7E0BFE1D-67C7-4DE8-A382-BCFD1EC85835}.Debug|Any CPU.Build.0 = Debug|Any CPU
		{7E0BFE1D-67C7-4DE8-A382-BCFD1EC85835}.Release|Any CPU.ActiveCfg = Release|Any CPU
		{7E0BFE1D-67C7-4DE8-A382-BCFD1EC85835}.Release|Any CPU.Build.0 = Release|Any CPU
		{48082BE9-69D7-4B97-8D63-536C28A61B47}.Debug|Any CPU.ActiveCfg = Debug|Any CPU
		{48082BE9-69D7-4B97-8D63-536C28A61B47}.Debug|Any CPU.Build.0 = Debug|Any CPU
		{48082BE9-69D7-4B97-8D63-536C28A61B47}.Release|Any CPU.ActiveCfg = Release|Any CPU
		{48082BE9-69D7-4B97-8D63-536C28A61B47}.Release|Any CPU.Build.0 = Release|Any CPU
		{17967CAB-8E69-46FE-9BFC-E190C3D96D85}.Debug|Any CPU.ActiveCfg = Debug|Any CPU
		{17967CAB-8E69-46FE-9BFC-E190C3D96D85}.Debug|Any CPU.Build.0 = Debug|Any CPU
		{17967CAB-8E69-46FE-9BFC-E190C3D96D85}.Release|Any CPU.ActiveCfg = Release|Any CPU
		{17967CAB-8E69-46FE-9BFC-E190C3D96D85}.Release|Any CPU.Build.0 = Release|Any CPU
		{66DE5A52-26C5-4B65-BAEC-D233A137ADB7}.Debug|Any CPU.ActiveCfg = Debug|Any CPU
		{66DE5A52-26C5-4B65-BAEC-D233A137ADB7}.Debug|Any CPU.Build.0 = Debug|Any CPU
		{66DE5A52-26C5-4B65-BAEC-D233A137ADB7}.Release|Any CPU.ActiveCfg = Release|Any CPU
		{66DE5A52-26C5-4B65-BAEC-D233A137ADB7}.Release|Any CPU.Build.0 = Release|Any CPU
		{C3C76DCC-4616-4438-9876-1E7CAB9AB67D}.Debug|Any CPU.ActiveCfg = Debug|Any CPU
		{C3C76DCC-4616-4438-9876-1E7CAB9AB67D}.Debug|Any CPU.Build.0 = Debug|Any CPU
		{C3C76DCC-4616-4438-9876-1E7CAB9AB67D}.Release|Any CPU.ActiveCfg = Release|Any CPU
		{C3C76DCC-4616-4438-9876-1E7CAB9AB67D}.Release|Any CPU.Build.0 = Release|Any CPU
		{B4315EC3-8621-4885-89DD-2C84AE7FB78B}.Debug|Any CPU.ActiveCfg = Debug|Any CPU
		{B4315EC3-8621-4885-89DD-2C84AE7FB78B}.Debug|Any CPU.Build.0 = Debug|Any CPU
		{B4315EC3-8621-4885-89DD-2C84AE7FB78B}.Release|Any CPU.ActiveCfg = Release|Any CPU
		{B4315EC3-8621-4885-89DD-2C84AE7FB78B}.Release|Any CPU.Build.0 = Release|Any CPU
		{4E2466FB-658B-426E-B5F2-9FBBD7049B36}.Debug|Any CPU.ActiveCfg = Debug|Any CPU
		{4E2466FB-658B-426E-B5F2-9FBBD7049B36}.Debug|Any CPU.Build.0 = Debug|Any CPU
		{4E2466FB-658B-426E-B5F2-9FBBD7049B36}.Release|Any CPU.ActiveCfg = Release|Any CPU
		{4E2466FB-658B-426E-B5F2-9FBBD7049B36}.Release|Any CPU.Build.0 = Release|Any CPU
		{FECDE066-8D86-4B21-8106-0A0B37A03F36}.Debug|Any CPU.ActiveCfg = Debug|Any CPU
		{FECDE066-8D86-4B21-8106-0A0B37A03F36}.Debug|Any CPU.Build.0 = Debug|Any CPU
		{FECDE066-8D86-4B21-8106-0A0B37A03F36}.Release|Any CPU.ActiveCfg = Release|Any CPU
		{FECDE066-8D86-4B21-8106-0A0B37A03F36}.Release|Any CPU.Build.0 = Release|Any CPU
		{CDE097E9-F189-463C-AF42-15513C7C8F94}.Debug|Any CPU.ActiveCfg = Debug|Any CPU
		{CDE097E9-F189-463C-AF42-15513C7C8F94}.Debug|Any CPU.Build.0 = Debug|Any CPU
		{CDE097E9-F189-463C-AF42-15513C7C8F94}.Release|Any CPU.ActiveCfg = Release|Any CPU
		{CDE097E9-F189-463C-AF42-15513C7C8F94}.Release|Any CPU.Build.0 = Release|Any CPU
		{53C3B208-B77D-4D0B-AE03-5B3F3673F836}.Debug|Any CPU.ActiveCfg = Debug|Any CPU
		{53C3B208-B77D-4D0B-AE03-5B3F3673F836}.Debug|Any CPU.Build.0 = Debug|Any CPU
		{53C3B208-B77D-4D0B-AE03-5B3F3673F836}.Release|Any CPU.ActiveCfg = Release|Any CPU
		{53C3B208-B77D-4D0B-AE03-5B3F3673F836}.Release|Any CPU.Build.0 = Release|Any CPU
		{00AAA29B-AB8D-4772-8545-F9D3FE6169C2}.Debug|Any CPU.ActiveCfg = Debug|Any CPU
		{00AAA29B-AB8D-4772-8545-F9D3FE6169C2}.Debug|Any CPU.Build.0 = Debug|Any CPU
		{00AAA29B-AB8D-4772-8545-F9D3FE6169C2}.Release|Any CPU.ActiveCfg = Release|Any CPU
		{00AAA29B-AB8D-4772-8545-F9D3FE6169C2}.Release|Any CPU.Build.0 = Release|Any CPU
		{1AA36972-49F0-4D31-B016-F61E2534DD52}.Debug|Any CPU.ActiveCfg = Debug|Any CPU
		{1AA36972-49F0-4D31-B016-F61E2534DD52}.Debug|Any CPU.Build.0 = Debug|Any CPU
		{1AA36972-49F0-4D31-B016-F61E2534DD52}.Release|Any CPU.ActiveCfg = Release|Any CPU
		{1AA36972-49F0-4D31-B016-F61E2534DD52}.Release|Any CPU.Build.0 = Release|Any CPU
		{58215370-15C6-42FF-A625-4913A6D6BB63}.Debug|Any CPU.ActiveCfg = Debug|Any CPU
		{58215370-15C6-42FF-A625-4913A6D6BB63}.Debug|Any CPU.Build.0 = Debug|Any CPU
		{58215370-15C6-42FF-A625-4913A6D6BB63}.Release|Any CPU.ActiveCfg = Release|Any CPU
		{58215370-15C6-42FF-A625-4913A6D6BB63}.Release|Any CPU.Build.0 = Release|Any CPU
		{48DF58D7-0754-4676-B2C4-E5689D0F322E}.Debug|Any CPU.ActiveCfg = Debug|Any CPU
		{48DF58D7-0754-4676-B2C4-E5689D0F322E}.Debug|Any CPU.Build.0 = Debug|Any CPU
		{48DF58D7-0754-4676-B2C4-E5689D0F322E}.Release|Any CPU.ActiveCfg = Release|Any CPU
		{48DF58D7-0754-4676-B2C4-E5689D0F322E}.Release|Any CPU.Build.0 = Release|Any CPU
		{F3ED0AD9-E9CC-4C23-9772-F82819008DFE}.Debug|Any CPU.ActiveCfg = Debug|Any CPU
		{F3ED0AD9-E9CC-4C23-9772-F82819008DFE}.Debug|Any CPU.Build.0 = Debug|Any CPU
		{F3ED0AD9-E9CC-4C23-9772-F82819008DFE}.Release|Any CPU.ActiveCfg = Release|Any CPU
		{F3ED0AD9-E9CC-4C23-9772-F82819008DFE}.Release|Any CPU.Build.0 = Release|Any CPU
		{903F6C5A-0D44-4637-B11E-45292FFB0AA7}.Debug|Any CPU.ActiveCfg = Debug|Any CPU
		{903F6C5A-0D44-4637-B11E-45292FFB0AA7}.Debug|Any CPU.Build.0 = Debug|Any CPU
		{903F6C5A-0D44-4637-B11E-45292FFB0AA7}.Release|Any CPU.ActiveCfg = Release|Any CPU
		{903F6C5A-0D44-4637-B11E-45292FFB0AA7}.Release|Any CPU.Build.0 = Release|Any CPU
		{D9D58A2E-9A0B-4C7D-B2C9-9FD0233F4E6D}.Debug|Any CPU.ActiveCfg = Debug|Any CPU
		{D9D58A2E-9A0B-4C7D-B2C9-9FD0233F4E6D}.Debug|Any CPU.Build.0 = Debug|Any CPU
		{D9D58A2E-9A0B-4C7D-B2C9-9FD0233F4E6D}.Release|Any CPU.ActiveCfg = Release|Any CPU
		{D9D58A2E-9A0B-4C7D-B2C9-9FD0233F4E6D}.Release|Any CPU.Build.0 = Release|Any CPU
		{E3191F42-CAA9-403E-9D7F-56D672AD43F0}.Debug|Any CPU.ActiveCfg = Debug|Any CPU
		{E3191F42-CAA9-403E-9D7F-56D672AD43F0}.Debug|Any CPU.Build.0 = Debug|Any CPU
		{E3191F42-CAA9-403E-9D7F-56D672AD43F0}.Release|Any CPU.ActiveCfg = Release|Any CPU
		{E3191F42-CAA9-403E-9D7F-56D672AD43F0}.Release|Any CPU.Build.0 = Release|Any CPU
		{C004B830-50A4-417B-9A0D-F4B789038804}.Debug|Any CPU.ActiveCfg = Debug|Any CPU
		{C004B830-50A4-417B-9A0D-F4B789038804}.Debug|Any CPU.Build.0 = Debug|Any CPU
		{C004B830-50A4-417B-9A0D-F4B789038804}.Release|Any CPU.ActiveCfg = Release|Any CPU
		{C004B830-50A4-417B-9A0D-F4B789038804}.Release|Any CPU.Build.0 = Release|Any CPU
		{41DB97D4-5642-493B-BE81-65EC8517FD78}.Debug|Any CPU.ActiveCfg = Debug|Any CPU
		{41DB97D4-5642-493B-BE81-65EC8517FD78}.Debug|Any CPU.Build.0 = Debug|Any CPU
		{41DB97D4-5642-493B-BE81-65EC8517FD78}.Release|Any CPU.ActiveCfg = Release|Any CPU
		{41DB97D4-5642-493B-BE81-65EC8517FD78}.Release|Any CPU.Build.0 = Release|Any CPU
		{5394FA09-2A5A-4CB7-80A3-24255CD2A331}.Debug|Any CPU.ActiveCfg = Debug|Any CPU
		{5394FA09-2A5A-4CB7-80A3-24255CD2A331}.Debug|Any CPU.Build.0 = Debug|Any CPU
		{5394FA09-2A5A-4CB7-80A3-24255CD2A331}.Release|Any CPU.ActiveCfg = Release|Any CPU
		{5394FA09-2A5A-4CB7-80A3-24255CD2A331}.Release|Any CPU.Build.0 = Release|Any CPU
		{DDBEBA0D-A0AD-467A-B5AB-CC324AC1F6F2}.Debug|Any CPU.ActiveCfg = Debug|Any CPU
		{DDBEBA0D-A0AD-467A-B5AB-CC324AC1F6F2}.Debug|Any CPU.Build.0 = Debug|Any CPU
		{DDBEBA0D-A0AD-467A-B5AB-CC324AC1F6F2}.Release|Any CPU.ActiveCfg = Release|Any CPU
		{DDBEBA0D-A0AD-467A-B5AB-CC324AC1F6F2}.Release|Any CPU.Build.0 = Release|Any CPU
		{6BF78B91-F397-48E9-8CA1-897E5ACE4657}.Debug|Any CPU.ActiveCfg = Debug|Any CPU
		{6BF78B91-F397-48E9-8CA1-897E5ACE4657}.Debug|Any CPU.Build.0 = Debug|Any CPU
		{6BF78B91-F397-48E9-8CA1-897E5ACE4657}.Release|Any CPU.ActiveCfg = Release|Any CPU
		{6BF78B91-F397-48E9-8CA1-897E5ACE4657}.Release|Any CPU.Build.0 = Release|Any CPU
		{B572DB12-09EA-4AAC-9541-62BB483ECE0A}.Debug|Any CPU.ActiveCfg = Debug|Any CPU
		{B572DB12-09EA-4AAC-9541-62BB483ECE0A}.Debug|Any CPU.Build.0 = Debug|Any CPU
		{B572DB12-09EA-4AAC-9541-62BB483ECE0A}.Release|Any CPU.ActiveCfg = Release|Any CPU
		{B572DB12-09EA-4AAC-9541-62BB483ECE0A}.Release|Any CPU.Build.0 = Release|Any CPU
		{A42F301E-BDB8-4BBF-B841-3B0F1EC59D2B}.Debug|Any CPU.ActiveCfg = Debug|Any CPU
		{A42F301E-BDB8-4BBF-B841-3B0F1EC59D2B}.Debug|Any CPU.Build.0 = Debug|Any CPU
		{A42F301E-BDB8-4BBF-B841-3B0F1EC59D2B}.Release|Any CPU.ActiveCfg = Release|Any CPU
		{A42F301E-BDB8-4BBF-B841-3B0F1EC59D2B}.Release|Any CPU.Build.0 = Release|Any CPU
		{19DADECF-271D-491C-8723-0EE04917310A}.Debug|Any CPU.ActiveCfg = Debug|Any CPU
		{19DADECF-271D-491C-8723-0EE04917310A}.Debug|Any CPU.Build.0 = Debug|Any CPU
		{19DADECF-271D-491C-8723-0EE04917310A}.Release|Any CPU.ActiveCfg = Release|Any CPU
		{19DADECF-271D-491C-8723-0EE04917310A}.Release|Any CPU.Build.0 = Release|Any CPU
		{FF3EC860-01C0-4BB0-9B3D-442999238872}.Debug|Any CPU.ActiveCfg = Debug|Any CPU
		{FF3EC860-01C0-4BB0-9B3D-442999238872}.Debug|Any CPU.Build.0 = Debug|Any CPU
		{FF3EC860-01C0-4BB0-9B3D-442999238872}.Release|Any CPU.ActiveCfg = Release|Any CPU
		{FF3EC860-01C0-4BB0-9B3D-442999238872}.Release|Any CPU.Build.0 = Release|Any CPU
		{BF5E46D3-9BAE-4159-BEC0-3A7BA80BE938}.Debug|Any CPU.ActiveCfg = Debug|Any CPU
		{BF5E46D3-9BAE-4159-BEC0-3A7BA80BE938}.Debug|Any CPU.Build.0 = Debug|Any CPU
		{BF5E46D3-9BAE-4159-BEC0-3A7BA80BE938}.Release|Any CPU.ActiveCfg = Release|Any CPU
		{BF5E46D3-9BAE-4159-BEC0-3A7BA80BE938}.Release|Any CPU.Build.0 = Release|Any CPU
		{1E6E0A7F-758B-49CA-ABF9-D642817773F3}.Debug|Any CPU.ActiveCfg = Debug|Any CPU
		{1E6E0A7F-758B-49CA-ABF9-D642817773F3}.Debug|Any CPU.Build.0 = Debug|Any CPU
		{1E6E0A7F-758B-49CA-ABF9-D642817773F3}.Release|Any CPU.ActiveCfg = Release|Any CPU
		{1E6E0A7F-758B-49CA-ABF9-D642817773F3}.Release|Any CPU.Build.0 = Release|Any CPU
		{ED9503ED-A3EE-487C-BD7F-96F98D825E30}.Debug|Any CPU.ActiveCfg = Debug|Any CPU
		{ED9503ED-A3EE-487C-BD7F-96F98D825E30}.Debug|Any CPU.Build.0 = Debug|Any CPU
		{ED9503ED-A3EE-487C-BD7F-96F98D825E30}.Release|Any CPU.ActiveCfg = Release|Any CPU
		{ED9503ED-A3EE-487C-BD7F-96F98D825E30}.Release|Any CPU.Build.0 = Release|Any CPU
		{265E7503-6404-455B-B733-460A155B0563}.Debug|Any CPU.ActiveCfg = Debug|Any CPU
		{265E7503-6404-455B-B733-460A155B0563}.Debug|Any CPU.Build.0 = Debug|Any CPU
		{265E7503-6404-455B-B733-460A155B0563}.Release|Any CPU.ActiveCfg = Release|Any CPU
		{265E7503-6404-455B-B733-460A155B0563}.Release|Any CPU.Build.0 = Release|Any CPU
		{020CA990-2881-4F80-81A6-D5D5AD88B866}.Debug|Any CPU.ActiveCfg = Debug|Any CPU
		{020CA990-2881-4F80-81A6-D5D5AD88B866}.Debug|Any CPU.Build.0 = Debug|Any CPU
		{020CA990-2881-4F80-81A6-D5D5AD88B866}.Release|Any CPU.ActiveCfg = Release|Any CPU
		{020CA990-2881-4F80-81A6-D5D5AD88B866}.Release|Any CPU.Build.0 = Release|Any CPU
		{3FCB3BED-971B-45A7-8435-5725BAD7D624}.Debug|Any CPU.ActiveCfg = Debug|Any CPU
		{3FCB3BED-971B-45A7-8435-5725BAD7D624}.Debug|Any CPU.Build.0 = Debug|Any CPU
		{3FCB3BED-971B-45A7-8435-5725BAD7D624}.Release|Any CPU.ActiveCfg = Release|Any CPU
		{3FCB3BED-971B-45A7-8435-5725BAD7D624}.Release|Any CPU.Build.0 = Release|Any CPU
		{F2B8C5DF-7042-4E28-B37B-A77D17C2928C}.Debug|Any CPU.ActiveCfg = Debug|Any CPU
		{F2B8C5DF-7042-4E28-B37B-A77D17C2928C}.Debug|Any CPU.Build.0 = Debug|Any CPU
		{F2B8C5DF-7042-4E28-B37B-A77D17C2928C}.Release|Any CPU.ActiveCfg = Release|Any CPU
		{F2B8C5DF-7042-4E28-B37B-A77D17C2928C}.Release|Any CPU.Build.0 = Release|Any CPU
		{449D08E4-2F1E-463B-84E5-EC654A9C3319}.Debug|Any CPU.ActiveCfg = Debug|Any CPU
		{449D08E4-2F1E-463B-84E5-EC654A9C3319}.Debug|Any CPU.Build.0 = Debug|Any CPU
		{449D08E4-2F1E-463B-84E5-EC654A9C3319}.Release|Any CPU.ActiveCfg = Release|Any CPU
		{449D08E4-2F1E-463B-84E5-EC654A9C3319}.Release|Any CPU.Build.0 = Release|Any CPU
		{F9D1F8DC-75B6-4933-9F54-5B2B6817DC8A}.Debug|Any CPU.ActiveCfg = Debug|Any CPU
		{F9D1F8DC-75B6-4933-9F54-5B2B6817DC8A}.Debug|Any CPU.Build.0 = Debug|Any CPU
		{F9D1F8DC-75B6-4933-9F54-5B2B6817DC8A}.Release|Any CPU.ActiveCfg = Release|Any CPU
		{F9D1F8DC-75B6-4933-9F54-5B2B6817DC8A}.Release|Any CPU.Build.0 = Release|Any CPU
		{F8E04AC7-E4C9-48C3-A4E0-E51614555AF9}.Debug|Any CPU.ActiveCfg = Debug|Any CPU
		{F8E04AC7-E4C9-48C3-A4E0-E51614555AF9}.Debug|Any CPU.Build.0 = Debug|Any CPU
		{F8E04AC7-E4C9-48C3-A4E0-E51614555AF9}.Release|Any CPU.ActiveCfg = Release|Any CPU
		{F8E04AC7-E4C9-48C3-A4E0-E51614555AF9}.Release|Any CPU.Build.0 = Release|Any CPU
		{58A9720A-7A0B-4E9B-8C2B-BDCA03C48C2F}.Debug|Any CPU.ActiveCfg = Debug|Any CPU
		{58A9720A-7A0B-4E9B-8C2B-BDCA03C48C2F}.Debug|Any CPU.Build.0 = Debug|Any CPU
		{58A9720A-7A0B-4E9B-8C2B-BDCA03C48C2F}.Release|Any CPU.ActiveCfg = Release|Any CPU
		{58A9720A-7A0B-4E9B-8C2B-BDCA03C48C2F}.Release|Any CPU.Build.0 = Release|Any CPU
		{C9F5FB9D-183C-48C5-86E4-06ADFC9FDE19}.Debug|Any CPU.ActiveCfg = Debug|Any CPU
		{C9F5FB9D-183C-48C5-86E4-06ADFC9FDE19}.Debug|Any CPU.Build.0 = Debug|Any CPU
		{C9F5FB9D-183C-48C5-86E4-06ADFC9FDE19}.Release|Any CPU.ActiveCfg = Release|Any CPU
		{C9F5FB9D-183C-48C5-86E4-06ADFC9FDE19}.Release|Any CPU.Build.0 = Release|Any CPU
		{9279A0AC-9486-480C-89B2-893DD36BF676}.Debug|Any CPU.ActiveCfg = Debug|Any CPU
		{9279A0AC-9486-480C-89B2-893DD36BF676}.Debug|Any CPU.Build.0 = Debug|Any CPU
		{9279A0AC-9486-480C-89B2-893DD36BF676}.Release|Any CPU.ActiveCfg = Release|Any CPU
		{9279A0AC-9486-480C-89B2-893DD36BF676}.Release|Any CPU.Build.0 = Release|Any CPU
		{54616A5B-CCD4-4A7F-B166-A26750FEC6D8}.Debug|Any CPU.ActiveCfg = Debug|Any CPU
		{54616A5B-CCD4-4A7F-B166-A26750FEC6D8}.Debug|Any CPU.Build.0 = Debug|Any CPU
		{54616A5B-CCD4-4A7F-B166-A26750FEC6D8}.Release|Any CPU.ActiveCfg = Release|Any CPU
		{54616A5B-CCD4-4A7F-B166-A26750FEC6D8}.Release|Any CPU.Build.0 = Release|Any CPU
	EndGlobalSection
EndGlobal
